{
    "_readme": [
        "This file locks the dependencies of your project to a known state",
        "Read more about it at https://getcomposer.org/doc/01-basic-usage.md#composer-lock-the-lock-file",
        "This file is @generated automatically"
    ],
    "hash": "8753aa24a58d2dc2487728c7ddd918da",
    "content-hash": "3e21236f5415d688517c448ede4faa99",
    "packages": [
        {
            "name": "components/jquery",
            "version": "3.1.1",
            "source": {
                "type": "git",
                "url": "https://github.com/components/jquery.git",
                "reference": "09a1658378bc1f818856086396ebeab7d0ec2276"
            },
            "dist": {
                "type": "zip",
                "url": "https://api.github.com/repos/components/jquery/zipball/09a1658378bc1f818856086396ebeab7d0ec2276",
                "reference": "09a1658378bc1f818856086396ebeab7d0ec2276",
                "shasum": ""
            },
            "type": "component",
            "extra": {
                "component": {
                    "scripts": [
                        "jquery.js"
                    ],
                    "files": [
                        "jquery.min.js",
                        "jquery.min.map"
                    ]
                }
            },
            "notification-url": "https://packagist.org/downloads/",
            "license": [
                "MIT"
            ],
            "authors": [
                {
                    "name": "John Resig",
                    "email": "jeresig@gmail.com"
                }
            ],
            "description": "jQuery JavaScript Library",
            "homepage": "http://jquery.com",
            "time": "2016-09-23 06:06:29"
        },
        {
            "name": "ksubileau/color-thief-php",
            "version": "v1.3.0",
            "source": {
                "type": "git",
                "url": "https://github.com/ksubileau/color-thief-php.git",
                "reference": "f0e1bc5da3dd86abd3e8c95a553c3e8f25e0fe7e"
            },
            "dist": {
                "type": "zip",
                "url": "https://api.github.com/repos/ksubileau/color-thief-php/zipball/f0e1bc5da3dd86abd3e8c95a553c3e8f25e0fe7e",
                "reference": "f0e1bc5da3dd86abd3e8c95a553c3e8f25e0fe7e",
                "shasum": ""
            },
            "require": {
                "php": ">=5.3.0"
            },
            "require-dev": {
                "phpunit/phpunit": "4.*",
                "squizlabs/php_codesniffer": "2.*"
            },
            "suggest": {
                "ext-gd": "to use the GD image adapter.",
                "ext-gmagick": "to use the Gmagick image adapter.",
                "ext-imagick": "to use the Imagick image adapter."
            },
            "type": "library",
            "autoload": {
                "psr-0": {
                    "ColorThief": "lib/"
                }
            },
            "notification-url": "https://packagist.org/downloads/",
            "license": [
                "CC-BY-2.5"
            ],
            "authors": [
                {
                    "name": "Kevin Subileau",
                    "homepage": "http://www.kevinsubileau.fr"
                }
            ],
            "description": "Grabs the dominant color or a representative color palette from an image.",
            "homepage": "http://www.kevinsubileau.fr/projets/color-thief-php",
            "keywords": [
                "color",
                "dominant",
                "palette",
                "php",
                "thief"
            ],
            "time": "2016-01-17 18:55:16"
        },
        {
            "name": "league/color-extractor",
            "version": "0.3.1",
            "source": {
                "type": "git",
                "url": "https://github.com/thephpleague/color-extractor.git",
                "reference": "aba310ceef94f922c00949313e74a97dec7fb0a9"
            },
            "dist": {
                "type": "zip",
                "url": "https://api.github.com/repos/thephpleague/color-extractor/zipball/aba310ceef94f922c00949313e74a97dec7fb0a9",
                "reference": "aba310ceef94f922c00949313e74a97dec7fb0a9",
                "shasum": ""
            },
            "require": {
                "ext-gd": "*",
                "php": ">=5.4.0"
            },
            "replace": {
                "matthecat/colorextractor": "*"
            },
            "require-dev": {
                "fabpot/php-cs-fixer": "*",
                "phpunit/phpunit": "~5"
            },
            "type": "library",
            "autoload": {
                "psr-4": {
                    "": "src"
                }
            },
            "notification-url": "https://packagist.org/downloads/",
            "license": [
                "MIT"
            ],
            "authors": [
                {
                    "name": "Mathieu Lechat",
                    "email": "math.lechat@gmail.com",
                    "homepage": "http://matthecat.com",
                    "role": "Developer"
                }
            ],
            "description": "Extract colors from an image as a human would do.",
            "homepage": "https://github.com/thephpleague/color-extractor",
            "keywords": [
                "color",
                "extract",
                "human",
                "image",
                "palette"
            ],
            "time": "2016-04-14 09:49:23"
        }
    ],
    "packages-dev": [],
    "aliases": [],
    "minimum-stability": "stable",
    "stability-flags": [],
    "prefer-stable": false,
    "prefer-lowest": false,
    "platform": [],
    "platform-dev": []
}
